
Microsoft Visual Studio Solution File, Format Version 12.00
# Visual Studio Version 17
VisualStudioVersion = 17.8.34511.84
MinimumVisualStudioVersion = 10.0.40219.1
Project("{FAE04EC0-301F-11D3-BF4B-00C04F79EFBC}") = "ToDo-List", "ToDo-List\ToDo-List.csproj", "{142C29B1-80A7-48DE-994C-1E7EEEB77986}"
EndProject
Global
	GlobalSection(SolutionConfigurationPlatforms) = preSolution
		Debug|Any CPU = Debug|Any CPU
		Release|Any CPU = Release|Any CPU
	EndGlobalSection
	GlobalSection(ProjectConfigurationPlatforms) = postSolution
		{142C29B1-80A7-48DE-994C-1E7EEEB77986}.Debug|Any CPU.ActiveCfg = Debug|Any CPU
		{142C29B1-80A7-48DE-994C-1E7EEEB77986}.Debug|Any CPU.Build.0 = Debug|Any CPU
		{142C29B1-80A7-48DE-994C-1E7EEEB77986}.Release|Any CPU.ActiveCfg = Release|Any CPU
		{142C29B1-80A7-48DE-994C-1E7EEEB77986}.Release|Any CPU.Build.0 = Release|Any CPU
	EndGlobalSection
	GlobalSection(SolutionProperties) = preSolution
		HideSolutionNode = FALSE
	EndGlobalSection
	GlobalSection(ExtensibilityGlobals) = postSolution
		SolutionGuid = {9A2A719B-3195-4DE2-A174-473388EC0503}
	EndGlobalSection
EndGlobal
